
Microsoft Visual Studio Solution File, Format Version 12.00
# Visual Studio 15
VisualStudioVersion = 15.0.28307.329
MinimumVisualStudioVersion = 10.0.40219.1
Project("{FAE04EC0-301F-11D3-BF4B-00C04F79EFBC}") = "People.Client", "People\People.Client.csproj", "{CED1E09A-707B-4B77-90AE-D254B874B3B7}"
EndProject
Global
	GlobalSection(SolutionConfigurationPlatforms) = preSolution
		Debug|Any CPU = Debug|Any CPU
		Release|Any CPU = Release|Any CPU
	EndGlobalSection
	GlobalSection(ProjectConfigurationPlatforms) = postSolution
		{CED1E09A-707B-4B77-90AE-D254B874B3B7}.Debug|Any CPU.ActiveCfg = Debug|Any CPU
		{CED1E09A-707B-4B77-90AE-D254B874B3B7}.Debug|Any CPU.Build.0 = Debug|Any CPU
		{CED1E09A-707B-4B77-90AE-D254B874B3B7}.Release|Any CPU.ActiveCfg = Release|Any CPU
		{CED1E09A-707B-4B77-90AE-D254B874B3B7}.Release|Any CPU.Build.0 = Release|Any CPU
	EndGlobalSection
	GlobalSection(SolutionProperties) = preSolution
		HideSolutionNode = FALSE
	EndGlobalSection
	GlobalSection(ExtensibilityGlobals) = postSolution
		SolutionGuid = {824FEF0C-71F1-432B-AA81-5A1C6B6CD977}
	EndGlobalSection
EndGlobal
